
Microsoft Visual Studio Solution File, Format Version 12.00
# Visual Studio Version 17
VisualStudioVersion = 17.14.37516.0 d17.14
MinimumVisualStudioVersion = 10.0.40219.1
Project("{9A19103F-16F7-4668-BE54-9A1E7A4F7556}") = "uDMXtoMQTT", "SolarController\uDMXtoMQTT.csproj", "{EA7C743A-DAEC-4FE0-8FEB-0533ECADB27F}"
EndProject
Global
	GlobalSection(SolutionConfigurationPlatforms) = preSolution
		Debug|Any CPU = Debug|Any CPU
		Debug|x64 = Debug|x64
		Release|Any CPU = Release|Any CPU
		Release|x64 = Release|x64
	EndGlobalSection
	GlobalSection(ProjectConfigurationPlatforms) = postSolution
		{EA7C743A-DAEC-4FE0-8FEB-0533ECADB27F}.Debug|Any CPU.ActiveCfg = Debug|Any CPU
		{EA7C743A-DAEC-4FE0-8FEB-0533ECADB27F}.Debug|Any CPU.Build.0 = Debug|Any CPU
		{EA7C743A-DAEC-4FE0-8FEB-0533ECADB27F}.Debug|x64.ActiveCfg = Debug|x64
		{EA7C743A-DAEC-4FE0-8FEB-0533ECADB27F}.Debug|x64.Build.0 = Debug|x64
		{EA7C743A-DAEC-4FE0-8FEB-0533ECADB27F}.Release|Any CPU.ActiveCfg = Release|Any CPU
		{EA7C743A-DAEC-4FE0-8FEB-0533ECADB27F}.Release|Any CPU.Build.0 = Release|Any CPU
		{EA7C743A-DAEC-4FE0-8FEB-0533ECADB27F}.Release|x64.ActiveCfg = Release|x64
		{EA7C743A-DAEC-4FE0-8FEB-0533ECADB27F}.Release|x64.Build.0 = Release|x64
	EndGlobalSection
	GlobalSection(SolutionProperties) = preSolution
		HideSolutionNode = FALSE
	EndGlobalSection
	GlobalSection(ExtensibilityGlobals) = postSolution
		SolutionGuid = {0E86D69A-895B-4C74-8D2A-EA07E4439B97}
	EndGlobalSection
EndGlobal
